{
  "name": "advanced-web-editor",
  "version": "0.0.0",
  "lockfileVersion": 1,
  "requires": true,
  "dependencies": {
    "coffee-script": {
      "version": "1.12.7",
      "resolved": "https://registry.npmjs.org/coffee-script/-/coffee-script-1.12.7.tgz",
      "integrity": "sha512-fLeEhqwymYat/MpTPUjSKHVYYl0ec2mOyALEMLmzr5i1isuG+6jfI2j2d5oBO3VIzgUXgBVIcOT9uH1TFxBckw=="
    },
    "cson": {
      "version": "4.1.0",
      "resolved": "https://registry.npmjs.org/cson/-/cson-4.1.0.tgz",
      "integrity": "sha1-sQdTRPqdn+XPiNgPIdk2Ypa4Zcc=",
      "requires": {
        "coffee-script": "1.12.7",
        "cson-parser": "1.3.5",
        "extract-opts": "3.3.1",
        "requirefresh": "2.1.0",
        "safefs": "4.1.0"
      }
    },
    "cson-parser": {
      "version": "1.3.5",
      "resolved": "https://registry.npmjs.org/cson-parser/-/cson-parser-1.3.5.tgz",
      "integrity": "sha1-fsZ14DkUVTO/KmqFYHPxWZ2cLSQ=",
      "requires": {
        "coffee-script": "1.12.7"
      }
    },
    "eachr": {
      "version": "3.2.0",
      "resolved": "https://registry.npmjs.org/eachr/-/eachr-3.2.0.tgz",
      "integrity": "sha1-LDXkPqCGUW95l8+At6pk1VpKRIQ=",
      "requires": {
        "editions": "1.3.3",
        "typechecker": "4.4.1"
      }
    },
    "editions": {
      "version": "1.3.3",
      "resolved": "https://registry.npmjs.org/editions/-/editions-1.3.3.tgz",
      "integrity": "sha1-CQcQG92iD6w8vjNMJ8vQaI3Jmls="
    },
    "extract-opts": {
      "version": "3.3.1",
      "resolved": "https://registry.npmjs.org/extract-opts/-/extract-opts-3.3.1.tgz",
      "integrity": "sha1-WrvtyYwNUgLjJ4cn+Rktfghsa+E=",
      "requires": {
        "eachr": "3.2.0",
        "editions": "1.3.3",
        "typechecker": "4.4.1"
      }
    },
    "git-promise": {
      "version": "0.3.1",
      "resolved": "https://registry.npmjs.org/git-promise/-/git-promise-0.3.1.tgz",
      "integrity": "sha1-DG29Fqy7NeyvQHMRu3kPkj9iiR8=",
      "requires": {
        "q": "1.4.1",
        "shelljs": "0.5.3"
      }
    },
    "graceful-fs": {
      "version": "4.1.11",
      "resolved": "https://registry.npmjs.org/graceful-fs/-/graceful-fs-4.1.11.tgz",
      "integrity": "sha1-Dovf5NHduIVNZOBOp8AOKgJuVlg="
    },
    "q": {
      "version": "1.4.1",
      "resolved": "https://registry.npmjs.org/q/-/q-1.4.1.tgz",
      "integrity": "sha1-VXBbzZPF82c1MMLCy8DCs63cKG4="
    },
    "requirefresh": {
      "version": "2.1.0",
      "resolved": "https://registry.npmjs.org/requirefresh/-/requirefresh-2.1.0.tgz",
      "integrity": "sha1-dC3Mwg86lpGNZsbxWX3I/+vE9vU=",
      "requires": {
        "editions": "1.3.3"
      }
    },
    "safefs": {
      "version": "4.1.0",
      "resolved": "https://registry.npmjs.org/safefs/-/safefs-4.1.0.tgz",
      "integrity": "sha1-+CrrS9165R9lPrIPZyizBYyNZEU=",
      "requires": {
        "editions": "1.3.3",
        "graceful-fs": "4.1.11"
      }
    },
    "shelljs": {
      "version": "0.5.3",
      "resolved": "https://registry.npmjs.org/shelljs/-/shelljs-0.5.3.tgz",
      "integrity": "sha1-xUmCuZbHbvDB5rWfvcWCX1txMRM="
    },
    "typechecker": {
      "version": "4.4.1",
      "resolved": "https://registry.npmjs.org/typechecker/-/typechecker-4.4.1.tgz",
      "integrity": "sha1-+XuV9RsDhBchLWd9RaNz7nvO1+Y=",
      "requires": {
        "editions": "1.3.3"
      }
    }
  }
}
